
Microsoft Visual Studio Solution File, Format Version 12.00
# Visual Studio Version 16
VisualStudioVersion = 16.0.30615.102
MinimumVisualStudioVersion = 10.0.40219.1
Project("{9A19103F-16F7-4668-BE54-9A1E7A4F7556}") = "SimpleConsoleNetCore", "SimpleConsoleNetCore\SimpleConsoleNetCore.csproj", "{B20B8B4B-EC96-4171-8531-C600228221EA}"
EndProject
Project("{FAE04EC0-301F-11D3-BF4B-00C04F79EFBC}") = "ConsoleNetClassic", "ConsoleNetClassic\ConsoleNetClassic.csproj", "{9F7FF8C7-A6A8-4DA0-B1E1-E74B6D74731F}"
EndProject
Global
	GlobalSection(SolutionConfigurationPlatforms) = preSolution
		Debug|Any CPU = Debug|Any CPU
		Release|Any CPU = Release|Any CPU
	EndGlobalSection
	GlobalSection(ProjectConfigurationPlatforms) = postSolution
		{B20B8B4B-EC96-4171-8531-C600228221EA}.Debug|Any CPU.ActiveCfg = Debug|Any CPU
		{B20B8B4B-EC96-4171-8531-C600228221EA}.Debug|Any CPU.Build.0 = Debug|Any CPU
		{B20B8B4B-EC96-4171-8531-C600228221EA}.Release|Any CPU.ActiveCfg = Release|Any CPU
		{B20B8B4B-EC96-4171-8531-C600228221EA}.Release|Any CPU.Build.0 = Release|Any CPU
		{9F7FF8C7-A6A8-4DA0-B1E1-E74B6D74731F}.Debug|Any CPU.ActiveCfg = Debug|Any CPU
		{9F7FF8C7-A6A8-4DA0-B1E1-E74B6D74731F}.Debug|Any CPU.Build.0 = Debug|Any CPU
		{9F7FF8C7-A6A8-4DA0-B1E1-E74B6D74731F}.Release|Any CPU.ActiveCfg = Release|Any CPU
		{9F7FF8C7-A6A8-4DA0-B1E1-E74B6D74731F}.Release|Any CPU.Build.0 = Release|Any CPU
	EndGlobalSection
	GlobalSection(SolutionProperties) = preSolution
		HideSolutionNode = FALSE
	EndGlobalSection
	GlobalSection(ExtensibilityGlobals) = postSolution
		SolutionGuid = {473C52E0-7C93-48EB-8ACC-7CEC214EE04C}
	EndGlobalSection
EndGlobal
